{
  "name": "repo",
  "lockfileVersion": 3,
  "requires": true,
  "packages": {
    "": {
      "dependencies": {
        "@sqlite.org/sqlite-wasm": "^3.50.4-build1"
      }
    },
    "node_modules/@sqlite.org/sqlite-wasm": {
      "version": "3.50.4-build1",
      "resolved": "https://registry.npmjs.org/@sqlite.org/sqlite-wasm/-/sqlite-wasm-3.50.4-build1.tgz",
      "integrity": "sha512-Qig2Wso7gPkU1PtXwFzndh+CTRzrIFxVGqv6eCetjU7YqxlHItj+GvQYwYTppCRgAPawtRN/4AJcEgB9xDHGug==",
      "license": "Apache-2.0",
      "bin": {
        "sqlite-wasm": "bin/index.js"
      }
    }
  }
}
